
Microsoft Visual Studio Solution File, Format Version 12.00
# Visual Studio Version 16
VisualStudioVersion = 16.0.30204.135
MinimumVisualStudioVersion = 10.0.40219.1
Project("{FAE04EC0-301F-11D3-BF4B-00C04F79EFBC}") = "Banco_De_Vagas_NSG", "Banco_De_Vagas_NSG\Banco_De_Vagas_NSG.csproj", "{2555E6B6-442A-40FC-9DE0-3E947B0C991A}"
EndProject
Global
	GlobalSection(SolutionConfigurationPlatforms) = preSolution
		Debug|Any CPU = Debug|Any CPU
		Release|Any CPU = Release|Any CPU
	EndGlobalSection
	GlobalSection(ProjectConfigurationPlatforms) = postSolution
		{2555E6B6-442A-40FC-9DE0-3E947B0C991A}.Debug|Any CPU.ActiveCfg = Debug|Any CPU
		{2555E6B6-442A-40FC-9DE0-3E947B0C991A}.Debug|Any CPU.Build.0 = Debug|Any CPU
		{2555E6B6-442A-40FC-9DE0-3E947B0C991A}.Release|Any CPU.ActiveCfg = Release|Any CPU
		{2555E6B6-442A-40FC-9DE0-3E947B0C991A}.Release|Any CPU.Build.0 = Release|Any CPU
	EndGlobalSection
	GlobalSection(SolutionProperties) = preSolution
		HideSolutionNode = FALSE
	EndGlobalSection
	GlobalSection(ExtensibilityGlobals) = postSolution
		SolutionGuid = {79702CC3-06F7-4ABD-810E-BF88878FA573}
	EndGlobalSection
EndGlobal
